
Microsoft Visual Studio Solution File, Format Version 12.00
# Visual Studio 15
VisualStudioVersion = 15.0.28307.1000
MinimumVisualStudioVersion = 10.0.40219.1
Project("{FAE04EC0-301F-11D3-BF4B-00C04F79EFBC}") = "pg 179", "pg 179\pg 179.csproj", "{9F980463-FCBD-4047-A0AE-6154CE828701}"
EndProject
Global
	GlobalSection(SolutionConfigurationPlatforms) = preSolution
		Debug|Any CPU = Debug|Any CPU
		Release|Any CPU = Release|Any CPU
	EndGlobalSection
	GlobalSection(ProjectConfigurationPlatforms) = postSolution
		{9F980463-FCBD-4047-A0AE-6154CE828701}.Debug|Any CPU.ActiveCfg = Debug|Any CPU
		{9F980463-FCBD-4047-A0AE-6154CE828701}.Debug|Any CPU.Build.0 = Debug|Any CPU
		{9F980463-FCBD-4047-A0AE-6154CE828701}.Release|Any CPU.ActiveCfg = Release|Any CPU
		{9F980463-FCBD-4047-A0AE-6154CE828701}.Release|Any CPU.Build.0 = Release|Any CPU
	EndGlobalSection
	GlobalSection(SolutionProperties) = preSolution
		HideSolutionNode = FALSE
	EndGlobalSection
	GlobalSection(ExtensibilityGlobals) = postSolution
		SolutionGuid = {B7DB4962-9866-4E2B-8E66-0EAEACEE6678}
	EndGlobalSection
EndGlobal
