
Microsoft Visual Studio Solution File, Format Version 12.00
# Visual Studio 15
VisualStudioVersion = 15.0.28307.1000
MinimumVisualStudioVersion = 10.0.40219.1
Project("{FAE04EC0-301F-11D3-BF4B-00C04F79EFBC}") = "pg 197", "pg 197\pg 197.csproj", "{201FB476-9D88-4AE0-A595-930187B51E4F}"
EndProject
Global
	GlobalSection(SolutionConfigurationPlatforms) = preSolution
		Debug|Any CPU = Debug|Any CPU
		Release|Any CPU = Release|Any CPU
	EndGlobalSection
	GlobalSection(ProjectConfigurationPlatforms) = postSolution
		{201FB476-9D88-4AE0-A595-930187B51E4F}.Debug|Any CPU.ActiveCfg = Debug|Any CPU
		{201FB476-9D88-4AE0-A595-930187B51E4F}.Debug|Any CPU.Build.0 = Debug|Any CPU
		{201FB476-9D88-4AE0-A595-930187B51E4F}.Release|Any CPU.ActiveCfg = Release|Any CPU
		{201FB476-9D88-4AE0-A595-930187B51E4F}.Release|Any CPU.Build.0 = Release|Any CPU
	EndGlobalSection
	GlobalSection(SolutionProperties) = preSolution
		HideSolutionNode = FALSE
	EndGlobalSection
	GlobalSection(ExtensibilityGlobals) = postSolution
		SolutionGuid = {A4A15E04-3335-4BC5-ADB6-1FA84C21467E}
	EndGlobalSection
EndGlobal
