
Microsoft Visual Studio Solution File, Format Version 12.00
# Visual Studio 15
VisualStudioVersion = 15.0.28307.1000
MinimumVisualStudioVersion = 10.0.40219.1
Project("{FAE04EC0-301F-11D3-BF4B-00C04F79EFBC}") = "pg 159", "pg 159\pg 159.csproj", "{7606E9F1-ED8B-44A3-A7DB-53CEDD25C62E}"
EndProject
Global
	GlobalSection(SolutionConfigurationPlatforms) = preSolution
		Debug|Any CPU = Debug|Any CPU
		Release|Any CPU = Release|Any CPU
	EndGlobalSection
	GlobalSection(ProjectConfigurationPlatforms) = postSolution
		{7606E9F1-ED8B-44A3-A7DB-53CEDD25C62E}.Debug|Any CPU.ActiveCfg = Debug|Any CPU
		{7606E9F1-ED8B-44A3-A7DB-53CEDD25C62E}.Debug|Any CPU.Build.0 = Debug|Any CPU
		{7606E9F1-ED8B-44A3-A7DB-53CEDD25C62E}.Release|Any CPU.ActiveCfg = Release|Any CPU
		{7606E9F1-ED8B-44A3-A7DB-53CEDD25C62E}.Release|Any CPU.Build.0 = Release|Any CPU
	EndGlobalSection
	GlobalSection(SolutionProperties) = preSolution
		HideSolutionNode = FALSE
	EndGlobalSection
	GlobalSection(ExtensibilityGlobals) = postSolution
		SolutionGuid = {3061B841-6F78-4EBA-B051-73D2163E0C75}
	EndGlobalSection
EndGlobal
